
Microsoft Visual Studio Solution File, Format Version 12.00
# Visual Studio Version 17
VisualStudioVersion = 17.6.33801.468
MinimumVisualStudioVersion = 10.0.40219.1
Project("{9A19103F-16F7-4668-BE54-9A1E7A4F7556}") = "TiendaServicios.Api.Autor", "TiendaServicios.Api.Autor\TiendaServicios.Api.Autor.csproj", "{E7DF851C-51BC-40AB-A52A-FE6DCD5E01EB}"
EndProject
Project("{9A19103F-16F7-4668-BE54-9A1E7A4F7556}") = "TiendaServicios.Api.Libro", "TiendaServicios.Api.Libro\TiendaServicios.Api.Libro.csproj", "{3A7A1312-D12A-49C4-8BA2-7191F0E9992B}"
EndProject
Project("{9A19103F-16F7-4668-BE54-9A1E7A4F7556}") = "TiendaServicios.Api.CarritoCompra", "TiendaServicios.Api.CarritoCompra\TiendaServicios.Api.CarritoCompra.csproj", "{730B85C3-1064-46A7-96A3-D3AA178650F8}"
EndProject
Project("{9A19103F-16F7-4668-BE54-9A1E7A4F7556}") = "TiendaServicios.Api.Libro.Tests", "TiendaServicios.Api.Libro.Tests\TiendaServicios.Api.Libro.Tests.csproj", "{6943B0FB-1662-42D9-86BE-532B843D82E2}"
EndProject
Project("{E53339B2-1760-4266-BCC7-CA923CBCF16C}") = "docker-compose", "docker-compose.dcproj", "{9A045699-272F-4C3B-B26D-C5960ACDD90D}"
EndProject
Project("{FAE04EC0-301F-11D3-BF4B-00C04F79EFBC}") = "TiendaServicios.Api.Gateway", "TiendaServicios.Api.Gateway\TiendaServicios.Api.Gateway.csproj", "{BC7028C4-D52A-4550-AEA8-0E9F47676FD2}"
EndProject
Global
	GlobalSection(SolutionConfigurationPlatforms) = preSolution
		Debug|Any CPU = Debug|Any CPU
		Release|Any CPU = Release|Any CPU
	EndGlobalSection
	GlobalSection(ProjectConfigurationPlatforms) = postSolution
		{E7DF851C-51BC-40AB-A52A-FE6DCD5E01EB}.Debug|Any CPU.ActiveCfg = Debug|Any CPU
		{E7DF851C-51BC-40AB-A52A-FE6DCD5E01EB}.Debug|Any CPU.Build.0 = Debug|Any CPU
		{E7DF851C-51BC-40AB-A52A-FE6DCD5E01EB}.Release|Any CPU.ActiveCfg = Release|Any CPU
		{E7DF851C-51BC-40AB-A52A-FE6DCD5E01EB}.Release|Any CPU.Build.0 = Release|Any CPU
		{3A7A1312-D12A-49C4-8BA2-7191F0E9992B}.Debug|Any CPU.ActiveCfg = Debug|Any CPU
		{3A7A1312-D12A-49C4-8BA2-7191F0E9992B}.Debug|Any CPU.Build.0 = Debug|Any CPU
		{3A7A1312-D12A-49C4-8BA2-7191F0E9992B}.Release|Any CPU.ActiveCfg = Release|Any CPU
		{3A7A1312-D12A-49C4-8BA2-7191F0E9992B}.Release|Any CPU.Build.0 = Release|Any CPU
		{730B85C3-1064-46A7-96A3-D3AA178650F8}.Debug|Any CPU.ActiveCfg = Debug|Any CPU
		{730B85C3-1064-46A7-96A3-D3AA178650F8}.Debug|Any CPU.Build.0 = Debug|Any CPU
		{730B85C3-1064-46A7-96A3-D3AA178650F8}.Release|Any CPU.ActiveCfg = Release|Any CPU
		{730B85C3-1064-46A7-96A3-D3AA178650F8}.Release|Any CPU.Build.0 = Release|Any CPU
		{6943B0FB-1662-42D9-86BE-532B843D82E2}.Debug|Any CPU.ActiveCfg = Debug|Any CPU
		{6943B0FB-1662-42D9-86BE-532B843D82E2}.Debug|Any CPU.Build.0 = Debug|Any CPU
		{6943B0FB-1662-42D9-86BE-532B843D82E2}.Release|Any CPU.ActiveCfg = Release|Any CPU
		{6943B0FB-1662-42D9-86BE-532B843D82E2}.Release|Any CPU.Build.0 = Release|Any CPU
		{9A045699-272F-4C3B-B26D-C5960ACDD90D}.Debug|Any CPU.ActiveCfg = Debug|Any CPU
		{9A045699-272F-4C3B-B26D-C5960ACDD90D}.Debug|Any CPU.Build.0 = Debug|Any CPU
		{9A045699-272F-4C3B-B26D-C5960ACDD90D}.Release|Any CPU.ActiveCfg = Release|Any CPU
		{9A045699-272F-4C3B-B26D-C5960ACDD90D}.Release|Any CPU.Build.0 = Release|Any CPU
		{BC7028C4-D52A-4550-AEA8-0E9F47676FD2}.Debug|Any CPU.ActiveCfg = Debug|Any CPU
		{BC7028C4-D52A-4550-AEA8-0E9F47676FD2}.Debug|Any CPU.Build.0 = Debug|Any CPU
		{BC7028C4-D52A-4550-AEA8-0E9F47676FD2}.Release|Any CPU.ActiveCfg = Release|Any CPU
		{BC7028C4-D52A-4550-AEA8-0E9F47676FD2}.Release|Any CPU.Build.0 = Release|Any CPU
	EndGlobalSection
	GlobalSection(SolutionProperties) = preSolution
		HideSolutionNode = FALSE
	EndGlobalSection
	GlobalSection(ExtensibilityGlobals) = postSolution
		SolutionGuid = {3F73DDA3-BC1C-4D2E-8CA8-E58E5C72A942}
	EndGlobalSection
EndGlobal
